# This file is automatically @generated by Cargo.
# It is not intended for manual editing.
version = 4

[[package]]
name = "cmz-cli"
version = "0.1.0"
dependencies = [
 "cmz-engine-sys",
]

[[package]]
name = "cmz-dashboard"
version = "0.1.0"
dependencies = [
 "cmz-engine-sys",
]

[[package]]
name = "cmz-engine-sys"
version = "0.1.0"
